# THIS IS AN AUTOGENERATED FILE. DO NOT EDIT THIS FILE DIRECTLY.
# yarn lockfile v1


typescript@5.0.0-insiders.20221212:
  version "5.0.0-dev.20221227"
  resolved "https://registry.yarnpkg.com/typescript/-/typescript-5.0.0-dev.20221227.tgz#0ab01505bbce5a5e5113141c8b941b9d7992c3c8"
  integrity sha512-IQyCPrF9bhLYPi3IePtuEYbcjqJ/cgOzzYMshLK40IFXgoit9SmONnBLhEvacw6YKUGsZJuOd8tdrfPw4us7Hw==
